{
    "_readme": [
        "This file locks the dependencies of your project to a known state",
        "Read more about it at https://getcomposer.org/doc/01-basic-usage.md#installing-dependencies",
        "This file is @generated automatically"
    ],
    "content-hash": "c8380b283acf3ce367ae207337542533",
    "packages": [
        {
            "name": "plibv4/longeststring",
            "version": "dev-main",
            "source": {
                "type": "git",
                "url": "https://github.com/DarthCorvidus/plibv4-longeststring",
                "reference": "b30ac3cbedf2cf87e66871669c8f50be96eb9025"
            },
            "dist": {
                "type": "zip",
                "url": "https://api.github.com/repos/DarthCorvidus/plibv4-longeststring/zipball/b30ac3cbedf2cf87e66871669c8f50be96eb9025",
                "reference": "b30ac3cbedf2cf87e66871669c8f50be96eb9025",
                "shasum": ""
            },
            "require-dev": {
                "phpunit/phpunit": "^7"
            },
            "default-branch": true,
            "type": "library",
            "autoload": {
                "classmap": [
                    "src/"
                ]
            },
            "scripts": {
                "test": [
                    "./vendor/bin/phpunit --bootstrap vendor/autoload.php tests"
                ],
                "testdox": [
                    "./vendor/bin/phpunit --bootstrap vendor/autoload.php --testdox --colors=always tests"
                ]
            },
            "time": "2023-07-08T15:56:50+00:00"
        },
        {
            "name": "plibv4/profiler",
            "version": "dev-main",
            "source": {
                "type": "git",
                "url": "https://github.com/DarthCorvidus/plibv4-profiler",
                "reference": "77103313c775effb87042a04b9ff0fb0ccd548f2"
            },
            "dist": {
                "type": "zip",
                "url": "https://api.github.com/repos/DarthCorvidus/plibv4-profiler/zipball/77103313c775effb87042a04b9ff0fb0ccd548f2",
                "reference": "77103313c775effb87042a04b9ff0fb0ccd548f2",
                "shasum": ""
            },
            "require": {
                "plibv4/terminaltable": "dev-main"
            },
            "default-branch": true,
            "type": "library",
            "autoload": {
                "classmap": [
                    "src/"
                ]
            },
            "time": "2023-06-26T15:02:53+00:00"
        },
        {
            "name": "plibv4/terminaltable",
            "version": "dev-main",
            "source": {
                "type": "git",
                "url": "https://github.com/DarthCorvidus/plibv4-terminaltable",
                "reference": "4353293145636f55f713c927c6bfb4f526d926af"
            },
            "dist": {
                "type": "zip",
                "url": "https://api.github.com/repos/DarthCorvidus/plibv4-terminaltable/zipball/4353293145636f55f713c927c6bfb4f526d926af",
                "reference": "4353293145636f55f713c927c6bfb4f526d926af",
                "shasum": ""
            },
            "require": {
                "plibv4/longeststring": "dev-main",
                "plibv4/vtc": "dev-main"
            },
            "require-dev": {
                "phpunit/phpunit": "^7"
            },
            "default-branch": true,
            "type": "library",
            "autoload": {
                "classmap": [
                    "src/"
                ]
            },
            "scripts": {
                "test": [
                    "./vendor/bin/phpunit --bootstrap vendor/autoload.php tests"
                ],
                "testdox": [
                    "./vendor/bin/phpunit --bootstrap vendor/autoload.php --testdox --colors=always tests"
                ]
            },
            "time": "2023-07-08T17:57:18+00:00"
        },
        {
            "name": "plibv4/vtc",
            "version": "dev-main",
            "source": {
                "type": "git",
                "url": "https://github.com/DarthCorvidus/plibv4-vtc",
                "reference": "35e12fee9a7707b2f65a9ebc972f019d238f889a"
            },
            "dist": {
                "type": "zip",
                "url": "https://api.github.com/repos/DarthCorvidus/plibv4-vtc/zipball/35e12fee9a7707b2f65a9ebc972f019d238f889a",
                "reference": "35e12fee9a7707b2f65a9ebc972f019d238f889a",
                "shasum": ""
            },
            "require-dev": {
                "phpunit/phpunit": "^7"
            },
            "default-branch": true,
            "type": "library",
            "autoload": {
                "classmap": [
                    "src/"
                ]
            },
            "scripts": {
                "test": [
                    "./vendor/bin/phpunit --bootstrap vendor/autoload.php tests"
                ],
                "testdox": [
                    "./vendor/bin/phpunit --bootstrap vendor/autoload.php --testdox --colors=always tests"
                ]
            },
            "time": "2023-07-08T16:26:59+00:00"
        }
    ],
    "packages-dev": [],
    "aliases": [],
    "minimum-stability": "dev",
    "stability-flags": {
        "plibv4/vtc": 20,
        "plibv4/terminaltable": 20,
        "plibv4/profiler": 20
    },
    "prefer-stable": false,
    "prefer-lowest": false,
    "platform": [],
    "platform-dev": [],
    "platform-overrides": {
        "php": "7.4"
    },
    "plugin-api-version": "2.3.0"
}
