{
    "_readme": [
        "This file locks the dependencies of your project to a known state",
        "Read more about it at https://getcomposer.org/doc/01-basic-usage.md#installing-dependencies",
        "This file is @generated automatically"
    ],
    "content-hash": "53e2086e2be86c04f2c08c2d926771ac",
    "packages": [
        {
            "name": "plibv4/longeststring",
            "version": "dev-main",
            "source": {
                "type": "git",
                "url": "https://github.com/DarthCorvidus/plibv4-longeststring",
                "reference": "ebadd8a36e8d23634369bcdb7cd0a659840fcef3"
            },
            "dist": {
                "type": "zip",
                "url": "https://api.github.com/repos/DarthCorvidus/plibv4-longeststring/zipball/ebadd8a36e8d23634369bcdb7cd0a659840fcef3",
                "reference": "ebadd8a36e8d23634369bcdb7cd0a659840fcef3",
                "shasum": ""
            },
            "require-dev": {
                "phpunit/phpunit": "9.6.x-dev",
                "vimeo/psalm": "6.x-dev"
            },
            "default-branch": true,
            "type": "library",
            "autoload": {
                "classmap": [
                    "src/"
                ]
            },
            "scripts": {
                "test": [
                    "./vendor/bin/phpunit --bootstrap vendor/autoload.php tests"
                ],
                "testdox": [
                    "./vendor/bin/phpunit --bootstrap vendor/autoload.php --testdox --colors=always tests"
                ],
                "psalm": [
                    "./vendor/bin/psalm --show-info=true --no-cache"
                ]
            },
            "time": "2024-12-05T20:29:57+00:00"
        },
        {
            "name": "plibv4/profiler",
            "version": "dev-main",
            "source": {
                "type": "git",
                "url": "https://github.com/DarthCorvidus/plibv4-profiler",
                "reference": "9daa21cbfd24e6e5df647fb79fe20e677fced03e"
            },
            "dist": {
                "type": "zip",
                "url": "https://api.github.com/repos/DarthCorvidus/plibv4-profiler/zipball/9daa21cbfd24e6e5df647fb79fe20e677fced03e",
                "reference": "9daa21cbfd24e6e5df647fb79fe20e677fced03e",
                "shasum": ""
            },
            "require": {
                "plibv4/terminaltable": "dev-main"
            },
            "require-dev": {
                "phpunit/phpunit": "9.6.x-dev",
                "vimeo/psalm": "6.x-dev"
            },
            "default-branch": true,
            "type": "library",
            "autoload": {
                "classmap": [
                    "src/"
                ]
            },
            "scripts": {
                "test": [
                    "./vendor/bin/phpunit --bootstrap vendor/autoload.php tests"
                ],
                "testdox": [
                    "./vendor/bin/phpunit --bootstrap vendor/autoload.php --testdox --colors=always tests"
                ],
                "psalm": [
                    "./vendor/bin/psalm --show-info=true --no-cache"
                ],
                "psatest": [
                    "./vendor/bin/psalm --show-info=true --no-cache",
                    "./vendor/bin/phpunit --bootstrap vendor/autoload.php tests/"
                ]
            },
            "time": "2024-12-24T18:30:58+00:00"
        },
        {
            "name": "plibv4/terminaltable",
            "version": "dev-main",
            "source": {
                "type": "git",
                "url": "https://github.com/DarthCorvidus/plibv4-terminaltable",
                "reference": "8d0ffe2f592b3b3084c7b215da6e7d498d7adb69"
            },
            "dist": {
                "type": "zip",
                "url": "https://api.github.com/repos/DarthCorvidus/plibv4-terminaltable/zipball/8d0ffe2f592b3b3084c7b215da6e7d498d7adb69",
                "reference": "8d0ffe2f592b3b3084c7b215da6e7d498d7adb69",
                "shasum": ""
            },
            "require": {
                "plibv4/longeststring": "dev-main",
                "plibv4/vtc": "dev-main"
            },
            "require-dev": {
                "phpunit/phpunit": "9.6.x-dev",
                "vimeo/psalm": "6.x-dev"
            },
            "default-branch": true,
            "type": "library",
            "autoload": {
                "classmap": [
                    "src/"
                ]
            },
            "scripts": {
                "test": [
                    "./vendor/bin/phpunit --bootstrap vendor/autoload.php tests"
                ],
                "testdox": [
                    "./vendor/bin/phpunit --bootstrap vendor/autoload.php --testdox --colors=always tests"
                ],
                "psalm": [
                    "./vendor/bin/psalm --show-info=true --no-cache"
                ]
            },
            "time": "2024-12-05T20:58:41+00:00"
        },
        {
            "name": "plibv4/vtc",
            "version": "dev-main",
            "source": {
                "type": "git",
                "url": "https://github.com/DarthCorvidus/plibv4-vtc",
                "reference": "1a72e955ac6094649dfb4ef656414b859c5d929c"
            },
            "dist": {
                "type": "zip",
                "url": "https://api.github.com/repos/DarthCorvidus/plibv4-vtc/zipball/1a72e955ac6094649dfb4ef656414b859c5d929c",
                "reference": "1a72e955ac6094649dfb4ef656414b859c5d929c",
                "shasum": ""
            },
            "require-dev": {
                "phpunit/phpunit": "^9.6.x-dev",
                "vimeo/psalm": "^6.x-dev"
            },
            "default-branch": true,
            "type": "library",
            "autoload": {
                "classmap": [
                    "src/"
                ]
            },
            "scripts": {
                "test": [
                    "./vendor/bin/phpunit --bootstrap vendor/autoload.php tests"
                ],
                "testdox": [
                    "./vendor/bin/phpunit --bootstrap vendor/autoload.php --testdox --colors=always tests"
                ],
                "psalm": [
                    "./vendor/bin/psalm --show-info=true --no-cache"
                ]
            },
            "time": "2024-12-05T20:08:46+00:00"
        }
    ],
    "packages-dev": [],
    "aliases": [],
    "minimum-stability": "dev",
    "stability-flags": {
        "plibv4/longeststring": 20,
        "plibv4/vtc": 20,
        "plibv4/terminaltable": 20,
        "plibv4/profiler": 20
    },
    "prefer-stable": false,
    "prefer-lowest": false,
    "platform": [],
    "platform-dev": [],
    "platform-overrides": {
        "php": "7.4"
    },
    "plugin-api-version": "2.3.0"
}
